
Microsoft Visual Studio Solution File, Format Version 12.00
# Visual Studio Version 17
VisualStudioVersion = 17.0.31903.59
MinimumVisualStudioVersion = 10.0.40219.1
Project("{2150E333-8FDC-42A3-9474-1A3956D46DE8}") = "Mock", "Mock", "{CF148BA7-A032-44EE-B356-5263D3A1D5D6}"
EndProject
Project("{FAE04EC0-301F-11D3-BF4B-00C04F79EFBC}") = "AssetMetadataProducer", "src/Mock\AssetMetadataProducer\AssetMetadataProducer.csproj", "{B0D6FFC8-DD29-4717-A8B0-E92C56B7AFFC}"
EndProject
Project("{FAE04EC0-301F-11D3-BF4B-00C04F79EFBC}") = "ContentRelay.Shared", "src/ContentRelay.Shared\ContentRelay.Shared.csproj", "{22B043AA-A2C3-408D-BA5C-DDAC54C6848F}"
EndProject
Project("{FAE04EC0-301F-11D3-BF4B-00C04F79EFBC}") = "BriefingMetadataProducer", "src/Mock\BriefingMetadataProducer\BriefingMetadataProducer.csproj", "{576263EB-849F-47DD-A804-90F056B64C20}"
EndProject
Project("{FAE04EC0-301F-11D3-BF4B-00C04F79EFBC}") = "OrderListMetadataProducer", "src\Mock\OrderListMetadataProducer\OrderListMetadataProducer.csproj", "{262567FA-6B43-4EDB-AD1E-60ACABF70A70}"
EndProject
Project("{FAE04EC0-301F-11D3-BF4B-00C04F79EFBC}") = "ContentDistributionMetadataProducer", "src\Mock\ContentDistributionMetadataProducer\ContentDistributionMetadataProducer.csproj", "{4E5CB269-111B-4AE8-93A8-D414704346E2}"
EndProject
Project("{2150E333-8FDC-42A3-9474-1A3956D46DE8}") = "SolutionFolder", "SolutionFolder", "{2002439E-C8B5-42E3-B243-180692F2667B}"
	ProjectSection(SolutionItems) = preProject
		docker-compose.override.yml = docker-compose.override.yml
		docker-compose.yml = docker-compose.yml
		README.md = README.md
	EndProjectSection
EndProject
Project("{FAE04EC0-301F-11D3-BF4B-00C04F79EFBC}") = "ContentRelay.MAM.Web", "src\ContentRelay.MAM.Web\ContentRelay.MAM.Web.csproj", "{7337ABBB-6736-4304-828D-A44F1F53AC29}"
EndProject
Global
	GlobalSection(SolutionConfigurationPlatforms) = preSolution
		Debug|Any CPU = Debug|Any CPU
		Release|Any CPU = Release|Any CPU
	EndGlobalSection
	GlobalSection(SolutionProperties) = preSolution
		HideSolutionNode = FALSE
	EndGlobalSection
	GlobalSection(NestedProjects) = preSolution
		{B0D6FFC8-DD29-4717-A8B0-E92C56B7AFFC} = {CF148BA7-A032-44EE-B356-5263D3A1D5D6}
		{576263EB-849F-47DD-A804-90F056B64C20} = {CF148BA7-A032-44EE-B356-5263D3A1D5D6}
		{262567FA-6B43-4EDB-AD1E-60ACABF70A70} = {CF148BA7-A032-44EE-B356-5263D3A1D5D6}
		{4E5CB269-111B-4AE8-93A8-D414704346E2} = {CF148BA7-A032-44EE-B356-5263D3A1D5D6}
	EndGlobalSection
	GlobalSection(ProjectConfigurationPlatforms) = postSolution
		{B0D6FFC8-DD29-4717-A8B0-E92C56B7AFFC}.Debug|Any CPU.ActiveCfg = Debug|Any CPU
		{B0D6FFC8-DD29-4717-A8B0-E92C56B7AFFC}.Debug|Any CPU.Build.0 = Debug|Any CPU
		{B0D6FFC8-DD29-4717-A8B0-E92C56B7AFFC}.Release|Any CPU.ActiveCfg = Release|Any CPU
		{B0D6FFC8-DD29-4717-A8B0-E92C56B7AFFC}.Release|Any CPU.Build.0 = Release|Any CPU
		{22B043AA-A2C3-408D-BA5C-DDAC54C6848F}.Debug|Any CPU.ActiveCfg = Debug|Any CPU
		{22B043AA-A2C3-408D-BA5C-DDAC54C6848F}.Debug|Any CPU.Build.0 = Debug|Any CPU
		{22B043AA-A2C3-408D-BA5C-DDAC54C6848F}.Release|Any CPU.ActiveCfg = Release|Any CPU
		{22B043AA-A2C3-408D-BA5C-DDAC54C6848F}.Release|Any CPU.Build.0 = Release|Any CPU
		{576263EB-849F-47DD-A804-90F056B64C20}.Debug|Any CPU.ActiveCfg = Debug|Any CPU
		{576263EB-849F-47DD-A804-90F056B64C20}.Debug|Any CPU.Build.0 = Debug|Any CPU
		{576263EB-849F-47DD-A804-90F056B64C20}.Release|Any CPU.ActiveCfg = Release|Any CPU
		{576263EB-849F-47DD-A804-90F056B64C20}.Release|Any CPU.Build.0 = Release|Any CPU
		{262567FA-6B43-4EDB-AD1E-60ACABF70A70}.Debug|Any CPU.ActiveCfg = Debug|Any CPU
		{262567FA-6B43-4EDB-AD1E-60ACABF70A70}.Debug|Any CPU.Build.0 = Debug|Any CPU
		{262567FA-6B43-4EDB-AD1E-60ACABF70A70}.Release|Any CPU.ActiveCfg = Release|Any CPU
		{262567FA-6B43-4EDB-AD1E-60ACABF70A70}.Release|Any CPU.Build.0 = Release|Any CPU
		{4E5CB269-111B-4AE8-93A8-D414704346E2}.Debug|Any CPU.ActiveCfg = Debug|Any CPU
		{4E5CB269-111B-4AE8-93A8-D414704346E2}.Debug|Any CPU.Build.0 = Debug|Any CPU
		{4E5CB269-111B-4AE8-93A8-D414704346E2}.Release|Any CPU.ActiveCfg = Release|Any CPU
		{4E5CB269-111B-4AE8-93A8-D414704346E2}.Release|Any CPU.Build.0 = Release|Any CPU
		{7337ABBB-6736-4304-828D-A44F1F53AC29}.Debug|Any CPU.ActiveCfg = Debug|Any CPU
		{7337ABBB-6736-4304-828D-A44F1F53AC29}.Debug|Any CPU.Build.0 = Debug|Any CPU
		{7337ABBB-6736-4304-828D-A44F1F53AC29}.Release|Any CPU.ActiveCfg = Release|Any CPU
		{7337ABBB-6736-4304-828D-A44F1F53AC29}.Release|Any CPU.Build.0 = Release|Any CPU
	EndGlobalSection
EndGlobal
